{
  "name": "glibusta",
  "lockfileVersion": 3,
  "requires": true,
  "packages": {
    "": {
      "devDependencies": {
        "npm-check-updates": "^18.3.1",
        "prettier": "^3.5.3"
      }
    },
    "node_modules/npm-check-updates": {
      "version": "18.3.1",
      "resolved": "https://registry.npmjs.org/npm-check-updates/-/npm-check-updates-18.3.1.tgz",
      "integrity": "sha512-5HwKPq7ybOOA1xB4FZg/1ToZZ5/i93U8m3co1mb3GYZAZPDkcxEFukQTTp/Abym+ZY6ShfrHl45Y0rCcwsNnQA==",
      "dev": true,
      "license": "Apache-2.0",
      "bin": {
        "ncu": "build/cli.js",
        "npm-check-updates": "build/cli.js"
      },
      "engines": {
        "node": "^18.18.0 || >=20.0.0",
        "npm": ">=8.12.1"
      }
    },
    "node_modules/prettier": {
      "version": "3.8.3",
      "resolved": "https://registry.npmjs.org/prettier/-/prettier-3.8.3.tgz",
      "integrity": "sha512-7igPTM53cGHMW8xWuVTydi2KO233VFiTNyF5hLJqpilHfmn8C8gPf+PS7dUT64YcXFbiMGZxS9pCSxL/Dxm/Jw==",
      "dev": true,
      "license": "MIT",
      "bin": {
        "prettier": "bin/prettier.cjs"
      },
      "engines": {
        "node": ">=14"
      },
      "funding": {
        "url": "https://github.com/prettier/prettier?sponsor=1"
      }
    }
  }
}
